// !$*UTF8*$!
{
	archiveVersion = 1;
	classes = {
	};
	objectVersion = 56;
	objects = {

/* Begin PBXBuildFile section */
		390404D52AD5D3DE003B60AC /* MyViewModel.swift in Sources */ = {isa = PBXBuildFile; fileRef = 390404D42AD5D3DE003B60AC /* MyViewModel.swift */; };
		39F331EB2ACD1343000982D0 /* SwiftUI_Redux_tutorialApp.swift in Sources */ = {isa = PBXBuildFile; fileRef = 39F331EA2ACD1343000982D0 /* SwiftUI_Redux_tutorialApp.swift */; };
		39F331ED2ACD1343000982D0 /* ContentView.swift in Sources */ = {isa = PBXBuildFile; fileRef = 39F331EC2ACD1343000982D0 /* ContentView.swift */; };
		39F331EF2ACD1344000982D0 /* Assets.xcassets in Resources */ = {isa = PBXBuildFile; fileRef = 39F331EE2ACD1344000982D0 /* Assets.xcassets */; };
		39F331F22ACD1344000982D0 /* Preview Assets.xcassets in Resources */ = {isa = PBXBuildFile; fileRef = 39F331F12ACD1344000982D0 /* Preview Assets.xcassets */; };
		39F331F92ACD134E000982D0 /* DiceView.swift in Sources */ = {isa = PBXBuildFile; fileRef = 39F331F82ACD134E000982D0 /* DiceView.swift */; };
		39F331FB2ACD155E000982D0 /* MyButtonStyle.swift in Sources */ = {isa = PBXBuildFile; fileRef = 39F331FA2ACD155E000982D0 /* MyButtonStyle.swift */; };
		39F331FD2ACD1767000982D0 /* AppState.swift in Sources */ = {isa = PBXBuildFile; fileRef = 39F331FC2ACD1767000982D0 /* AppState.swift */; };
		39F331FF2ACD1810000982D0 /* AppAction.swift in Sources */ = {isa = PBXBuildFile; fileRef = 39F331FE2ACD1810000982D0 /* AppAction.swift */; };
		39F332012ACD29A0000982D0 /* Reducer.swift in Sources */ = {isa = PBXBuildFile; fileRef = 39F332002ACD29A0000982D0 /* Reducer.swift */; };
		39F332032ACD2CD7000982D0 /* AppStore.swift in Sources */ = {isa = PBXBuildFile; fileRef = 39F332022ACD2CD7000982D0 /* AppStore.swift */; };
/* End PBXBuildFile section */

/* Begin PBXFileReference section */
		390404D42AD5D3DE003B60AC /* MyViewModel.swift */ = {isa = PBXFileReference; lastKnownFileType = sourcecode.swift; path = MyViewModel.swift; sourceTree = "<group>"; };
		39F331E72ACD1343000982D0 /* SwiftUI_Redux_tutorial.app */ = {isa = PBXFileReference; explicitFileType = wrapper.application; includeInIndex = 0; path = SwiftUI_Redux_tutorial.app; sourceTree = BUILT_PRODUCTS_DIR; };
		39F331EA2ACD1343000982D0 /* SwiftUI_Redux_tutorialApp.swift */ = {isa = PBXFileReference; lastKnownFileType = sourcecode.swift; path = SwiftUI_Redux_tutorialApp.swift; sourceTree = "<group>"; };
		39F331EC2ACD1343000982D0 /* ContentView.swift */ = {isa = PBXFileReference; lastKnownFileType = sourcecode.swift; path = ContentView.swift; sourceTree = "<group>"; };
		39F331EE2ACD1344000982D0 /* Assets.xcassets */ = {isa = PBXFileReference; lastKnownFileType = folder.assetcatalog; path = Assets.xcassets; sourceTree = "<group>"; };
		39F331F12ACD1344000982D0 /* Preview Assets.xcassets */ = {isa = PBXFileReference; lastKnownFileType = folder.assetcatalog; path = "Preview Assets.xcassets"; sourceTree = "<group>"; };
		39F331F82ACD134E000982D0 /* DiceView.swift */ = {isa = PBXFileReference; lastKnownFileType = sourcecode.swift; path = DiceView.swift; sourceTree = "<group>"; };
		39F331FA2ACD155E000982D0 /* MyButtonStyle.swift */ = {isa = PBXFileReference; lastKnownFileType = sourcecode.swift; path = MyButtonStyle.swift; sourceTree = "<group>"; };
		39F331FC2ACD1767000982D0 /* AppState.swift */ = {isa = PBXFileReference; lastKnownFileType = sourcecode.swift; path = AppState.swift; sourceTree = "<group>"; };
		39F331FE2ACD1810000982D0 /* AppAction.swift */ = {isa = PBXFileReference; lastKnownFileType = sourcecode.swift; path = AppAction.swift; sourceTree = "<group>"; };
		39F332002ACD29A0000982D0 /* Reducer.swift */ = {isa = PBXFileReference; lastKnownFileType = sourcecode.swift; path = Reducer.swift; sourceTree = "<group>"; };
		39F332022ACD2CD7000982D0 /* AppStore.swift */ = {isa = PBXFileReference; lastKnownFileType = sourcecode.swift; path = AppStore.swift; sourceTree = "<group>"; };
/* End PBXFileReference section */

/* Begin PBXFrameworksBuildPhase section */
		39F331E42ACD1343000982D0 /* Frameworks */ = {
			isa = PBXFrameworksBuildPhase;
			buildActionMask = 2147483647;
			files = (
			);
			runOnlyForDeploymentPostprocessing = 0;
		};
/* End PBXFrameworksBuildPhase section */

/* Begin PBXGroup section */
		39F331DE2ACD1343000982D0 = {
			isa = PBXGroup;
			children = (
				39F331E92ACD1343000982D0 /* SwiftUI_Redux_tutorial */,
				39F331E82ACD1343000982D0 /* Products */,
			);
			sourceTree = "<group>";
		};
		39F331E82ACD1343000982D0 /* Products */ = {
			isa = PBXGroup;
			children = (
				39F331E72ACD1343000982D0 /* SwiftUI_Redux_tutorial.app */,
			);
			name = Products;
			sourceTree = "<group>";
		};
		39F331E92ACD1343000982D0 /* SwiftUI_Redux_tutorial */ = {
			isa = PBXGroup;
			children = (
				39F331EA2ACD1343000982D0 /* SwiftUI_Redux_tutorialApp.swift */,
				39F331EC2ACD1343000982D0 /* ContentView.swift */,
				39F331EE2ACD1344000982D0 /* Assets.xcassets */,
				39F331F02ACD1344000982D0 /* Preview Content */,
				39F331F82ACD134E000982D0 /* DiceView.swift */,
				39F331FC2ACD1767000982D0 /* AppState.swift */,
				39F331FE2ACD1810000982D0 /* AppAction.swift */,
				39F331FA2ACD155E000982D0 /* MyButtonStyle.swift */,
				39F332002ACD29A0000982D0 /* Reducer.swift */,
				39F332022ACD2CD7000982D0 /* AppStore.swift */,
				390404D42AD5D3DE003B60AC /* MyViewModel.swift */,
			);
			path = SwiftUI_Redux_tutorial;
			sourceTree = "<group>";
		};
		39F331F02ACD1344000982D0 /* Preview Content */ = {
			isa = PBXGroup;
			children = (
				39F331F12ACD1344000982D0 /* Preview Assets.xcassets */,
			);
			path = "Preview Content";
			sourceTree = "<group>";
		};
/* End PBXGroup section */

/* Begin PBXNativeTarget section */
		39F331E62ACD1343000982D0 /* SwiftUI_Redux_tutorial */ = {
			isa = PBXNativeTarget;
			buildConfigurationList = 39F331F52ACD1344000982D0 /* Build configuration list for PBXNativeTarget "SwiftUI_Redux_tutorial" */;
			buildPhases = (
				39F331E32ACD1343000982D0 /* Sources */,
				39F331E42ACD1343000982D0 /* Frameworks */,
				39F331E52ACD1343000982D0 /* Resources */,
			);
			buildRules = (
			);
			dependencies = (
			);
			name = SwiftUI_Redux_tutorial;
			productName = SwiftUI_Redux_tutorial;
			productReference = 39F331E72ACD1343000982D0 /* SwiftUI_Redux_tutorial.app */;
			productType = "com.apple.product-type.application";
		};
/* End PBXNativeTarget section */

/* Begin PBXProject section */
		39F331DF2ACD1343000982D0 /* Project object */ = {
			isa = PBXProject;
			attributes = {
				BuildIndependentTargetsInParallel = 1;
				LastSwiftUpdateCheck = 1430;
				LastUpgradeCheck = 1430;
				TargetAttributes = {
					39F331E62ACD1343000982D0 = {
						CreatedOnToolsVersion = 14.3.1;
					};
				};
			};
			buildConfigurationList = 39F331E22ACD1343000982D0 /* Build configuration list for PBXProject "SwiftUI_Redux_tutorial" */;
			compatibilityVersion = "Xcode 14.0";
			developmentRegion = en;
			hasScannedForEncodings = 0;
			knownRegions = (
				en,
				Base,
			);
			mainGroup = 39F331DE2ACD1343000982D0;
			productRefGroup = 39F331E82ACD1343000982D0 /* Products */;
			projectDirPath = "";
			projectRoot = "";
			targets = (
				39F331E62ACD1343000982D0 /* SwiftUI_Redux_tutorial */,
			);
		};
/* End PBXProject section */

/* Begin PBXResourcesBuildPhase section */
		39F331E52ACD1343000982D0 /* Resources */ = {
			isa = PBXResourcesBuildPhase;
			buildActionMask = 2147483647;
			files = (
				39F331F22ACD1344000982D0 /* Preview Assets.xcassets in Resources */,
				39F331EF2ACD1344000982D0 /* Assets.xcassets in Resources */,
			);
			runOnlyForDeploymentPostprocessing = 0;
		};
/* End PBXResourcesBuildPhase section */

/* Begin PBXSourcesBuildPhase section */
		39F331E32ACD1343000982D0 /* Sources */ = {
			isa = PBXSourcesBuildPhase;
			buildActionMask = 2147483647;
			files = (
				39F331ED2ACD1343000982D0 /* ContentView.swift in Sources */,
				39F331FF2ACD1810000982D0 /* AppAction.swift in Sources */,
				390404D52AD5D3DE003B60AC /* MyViewModel.swift in Sources */,
				39F331FD2ACD1767000982D0 /* AppState.swift in Sources */,
				39F331FB2ACD155E000982D0 /* MyButtonStyle.swift in Sources */,
				39F332012ACD29A0000982D0 /* Reducer.swift in Sources */,
				39F331F92ACD134E000982D0 /* DiceView.swift in Sources */,
				39F331EB2ACD1343000982D0 /* SwiftUI_Redux_tutorialApp.swift in Sources */,
				39F332032ACD2CD7000982D0 /* AppStore.swift in Sources */,
			);
			runOnlyForDeploymentPostprocessing = 0;
		};
/* End PBXSourcesBuildPhase section */

/* Begin XCBuildConfiguration section */
		39F331F32ACD1344000982D0 /* Debug */ = {
			isa = XCBuildConfiguration;
			buildSettings = {
				ALWAYS_SEARCH_USER_PATHS = NO;
				CLANG_ANALYZER_NONNULL = YES;
				CLANG_ANALYZER_NUMBER_OBJECT_CONVERSION = YES_AGGRESSIVE;
				CLANG_CXX_LANGUAGE_STANDARD = "gnu++20";
				CLANG_ENABLE_MODULES = YES;
				CLANG_ENABLE_OBJC_ARC = YES;
				CLANG_ENABLE_OBJC_WEAK = YES;
				CLANG_WARN_BLOCK_CAPTURE_AUTORELEASING = YES;
				CLANG_WARN_BOOL_CONVERSION = YES;
				CLANG_WARN_COMMA = YES;
				CLANG_WARN_CONSTANT_CONVERSION = YES;
				CLANG_WARN_DEPRECATED_OBJC_IMPLEMENTATIONS = YES;
				CLANG_WARN_DIRECT_OBJC_ISA_USAGE = YES_ERROR;
				CLANG_WARN_DOCUMENTATION_COMMENTS = YES;
				CLANG_WARN_EMPTY_BODY = YES;
				CLANG_WARN_ENUM_CONVERSION = YES;
				CLANG_WARN_INFINITE_RECURSION = YES;
				CLANG_WARN_INT_CONVERSION = YES;
				CLANG_WARN_NON_LITERAL_NULL_CONVERSION = YES;
				CLANG_WARN_OBJC_IMPLICIT_RETAIN_SELF = YES;
				CLANG_WARN_OBJC_LITERAL_CONVERSION = YES;
				CLANG_WARN_OBJC_ROOT_CLASS = YES_ERROR;
				CLANG_WARN_QUOTED_INCLUDE_IN_FRAMEWORK_HEADER = YES;
				CLANG_WARN_RANGE_LOOP_ANALYSIS = YES;
				CLANG_WARN_STRICT_PROTOTYPES = YES;
				CLANG_WARN_SUSPICIOUS_MOVE = YES;
				CLANG_WARN_UNGUARDED_AVAILABILITY = YES_AGGRESSIVE;
				CLANG_WARN_UNREACHABLE_CODE = YES;
				CLANG_WARN__DUPLICATE_METHOD_MATCH = YES;
				COPY_PHASE_STRIP = NO;
				DEBUG_INFORMATION_FORMAT = dwarf;
				ENABLE_STRICT_OBJC_MSGSEND = YES;
				ENABLE_TESTABILITY = YES;
				GCC_C_LANGUAGE_STANDARD = gnu11;
				GCC_DYNAMIC_NO_PIC = NO;
				GCC_NO_COMMON_BLOCKS = YES;
				GCC_OPTIMIZATION_LEVEL = 0;
				GCC_PREPROCESSOR_DEFINITIONS = (
					"DEBUG=1",
					"$(inherited)",
				);
				GCC_WARN_64_TO_32_BIT_CONVERSION = YES;
				GCC_WARN_ABOUT_RETURN_TYPE = YES_ERROR;
				GCC_WARN_UNDECLARED_SELECTOR = YES;
				GCC_WARN_UNINITIALIZED_AUTOS = YES_AGGRESSIVE;
				GCC_WARN_UNUSED_FUNCTION = YES;
				GCC_WARN_UNUSED_VARIABLE = YES;
				IPHONEOS_DEPLOYMENT_TARGET = 16.4;
				MTL_ENABLE_DEBUG_INFO = INCLUDE_SOURCE;
				MTL_FAST_MATH = YES;
				ONLY_ACTIVE_ARCH = YES;
				SDKROOT = iphoneos;
				SWIFT_ACTIVE_COMPILATION_CONDITIONS = DEBUG;
				SWIFT_OPTIMIZATION_LEVEL = "-Onone";
			};
			name = Debug;
		};
		39F331F42ACD1344000982D0 /* Release */ = {
			isa = XCBuildConfiguration;
			buildSettings = {
				ALWAYS_SEARCH_USER_PATHS = NO;
				CLANG_ANALYZER_NONNULL = YES;
				CLANG_ANALYZER_NUMBER_OBJECT_CONVERSION = YES_AGGRESSIVE;
				CLANG_CXX_LANGUAGE_STANDARD = "gnu++20";
				CLANG_ENABLE_MODULES = YES;
				CLANG_ENABLE_OBJC_ARC = YES;
				CLANG_ENABLE_OBJC_WEAK = YES;
				CLANG_WARN_BLOCK_CAPTURE_AUTORELEASING = YES;
				CLANG_WARN_BOOL_CONVERSION = YES;
				CLANG_WARN_COMMA = YES;
				CLANG_WARN_CONSTANT_CONVERSION = YES;
				CLANG_WARN_DEPRECATED_OBJC_IMPLEMENTATIONS = YES;
				CLANG_WARN_DIRECT_OBJC_ISA_USAGE = YES_ERROR;
				CLANG_WARN_DOCUMENTATION_COMMENTS = YES;
				CLANG_WARN_EMPTY_BODY = YES;
				CLANG_WARN_ENUM_CONVERSION = YES;
				CLANG_WARN_INFINITE_RECURSION = YES;
				CLANG_WARN_INT_CONVERSION = YES;
				CLANG_WARN_NON_LITERAL_NULL_CONVERSION = YES;
				CLANG_WARN_OBJC_IMPLICIT_RETAIN_SELF = YES;
				CLANG_WARN_OBJC_LITERAL_CONVERSION = YES;
				CLANG_WARN_OBJC_ROOT_CLASS = YES_ERROR;
				CLANG_WARN_QUOTED_INCLUDE_IN_FRAMEWORK_HEADER = YES;
				CLANG_WARN_RANGE_LOOP_ANALYSIS = YES;
				CLANG_WARN_STRICT_PROTOTYPES = YES;
				CLANG_WARN_SUSPICIOUS_MOVE = YES;
				CLANG_WARN_UNGUARDED_AVAILABILITY = YES_AGGRESSIVE;
				CLANG_WARN_UNREACHABLE_CODE = YES;
				CLANG_WARN__DUPLICATE_METHOD_MATCH = YES;
				COPY_PHASE_STRIP = NO;
				DEBUG_INFORMATION_FORMAT = "dwarf-with-dsym";
				ENABLE_NS_ASSERTIONS = NO;
				ENABLE_STRICT_OBJC_MSGSEND = YES;
				GCC_C_LANGUAGE_STANDARD = gnu11;
				GCC_NO_COMMON_BLOCKS = YES;
				GCC_WARN_64_TO_32_BIT_CONVERSION = YES;
				GCC_WARN_ABOUT_RETURN_TYPE = YES_ERROR;
				GCC_WARN_UNDECLARED_SELECTOR = YES;
				GCC_WARN_UNINITIALIZED_AUTOS = YES_AGGRESSIVE;
				GCC_WARN_UNUSED_FUNCTION = YES;
				GCC_WARN_UNUSED_VARIABLE = YES;
				IPHONEOS_DEPLOYMENT_TARGET = 16.4;
				MTL_ENABLE_DEBUG_INFO = NO;
				MTL_FAST_MATH = YES;
				SDKROOT = iphoneos;
				SWIFT_COMPILATION_MODE = wholemodule;
				SWIFT_OPTIMIZATION_LEVEL = "-O";
				VALIDATE_PRODUCT = YES;
			};
			name = Release;
		};
		39F331F62ACD1344000982D0 /* Debug */ = {
			isa = XCBuildConfiguration;
			buildSettings = {
				ASSETCATALOG_COMPILER_APPICON_NAME = AppIcon;
				ASSETCATALOG_COMPILER_GLOBAL_ACCENT_COLOR_NAME = AccentColor;
				CODE_SIGN_STYLE = Automatic;
				CURRENT_PROJECT_VERSION = 1;
				DEVELOPMENT_ASSET_PATHS = "\"SwiftUI_Redux_tutorial/Preview Content\"";
				ENABLE_PREVIEWS = YES;
				GENERATE_INFOPLIST_FILE = YES;
				INFOPLIST_KEY_UIApplicationSceneManifest_Generation = YES;
				INFOPLIST_KEY_UIApplicationSupportsIndirectInputEvents = YES;
				INFOPLIST_KEY_UILaunchScreen_Generation = YES;
				INFOPLIST_KEY_UISupportedInterfaceOrientations_iPad = "UIInterfaceOrientationPortrait UIInterfaceOrientationPortraitUpsideDown UIInterfaceOrientationLandscapeLeft UIInterfaceOrientationLandscapeRight";
				INFOPLIST_KEY_UISupportedInterfaceOrientations_iPhone = "UIInterfaceOrientationPortrait UIInterfaceOrientationLandscapeLeft UIInterfaceOrientationLandscapeRight";
				LD_RUNPATH_SEARCH_PATHS = (
					"$(inherited)",
					"@executable_path/Frameworks",
				);
				MARKETING_VERSION = 1.0;
				PRODUCT_BUNDLE_IDENTIFIER = "com.personal.SwiftUI-Redux-tutorial";
				PRODUCT_NAME = "$(TARGET_NAME)";
				SWIFT_EMIT_LOC_STRINGS = YES;
				SWIFT_VERSION = 5.0;
				TARGETED_DEVICE_FAMILY = "1,2";
			};
			name = Debug;
		};
		39F331F72ACD1344000982D0 /* Release */ = {
			isa = XCBuildConfiguration;
			buildSettings = {
				ASSETCATALOG_COMPILER_APPICON_NAME = AppIcon;
				ASSETCATALOG_COMPILER_GLOBAL_ACCENT_COLOR_NAME = AccentColor;
				CODE_SIGN_STYLE = Automatic;
				CURRENT_PROJECT_VERSION = 1;
				DEVELOPMENT_ASSET_PATHS = "\"SwiftUI_Redux_tutorial/Preview Content\"";
				ENABLE_PREVIEWS = YES;
				GENERATE_INFOPLIST_FILE = YES;
				INFOPLIST_KEY_UIApplicationSceneManifest_Generation = YES;
				INFOPLIST_KEY_UIApplicationSupportsIndirectInputEvents = YES;
				INFOPLIST_KEY_UILaunchScreen_Generation = YES;
				INFOPLIST_KEY_UISupportedInterfaceOrientations_iPad = "UIInterfaceOrientationPortrait UIInterfaceOrientationPortraitUpsideDown UIInterfaceOrientationLandscapeLeft UIInterfaceOrientationLandscapeRight";
				INFOPLIST_KEY_UISupportedInterfaceOrientations_iPhone = "UIInterfaceOrientationPortrait UIInterfaceOrientationLandscapeLeft UIInterfaceOrientationLandscapeRight";
				LD_RUNPATH_SEARCH_PATHS = (
					"$(inherited)",
					"@executable_path/Frameworks",
				);
				MARKETING_VERSION = 1.0;
				PRODUCT_BUNDLE_IDENTIFIER = "com.personal.SwiftUI-Redux-tutorial";
				PRODUCT_NAME = "$(TARGET_NAME)";
				SWIFT_EMIT_LOC_STRINGS = YES;
				SWIFT_VERSION = 5.0;
				TARGETED_DEVICE_FAMILY = "1,2";
			};
			name = Release;
		};
/* End XCBuildConfiguration section */

/* Begin XCConfigurationList section */
		39F331E22ACD1343000982D0 /* Build configuration list for PBXProject "SwiftUI_Redux_tutorial" */ = {
			isa = XCConfigurationList;
			buildConfigurations = (
				39F331F32ACD1344000982D0 /* Debug */,
				39F331F42ACD1344000982D0 /* Release */,
			);
			defaultConfigurationIsVisible = 0;
			defaultConfigurationName = Release;
		};
		39F331F52ACD1344000982D0 /* Build configuration list for PBXNativeTarget "SwiftUI_Redux_tutorial" */ = {
			isa = XCConfigurationList;
			buildConfigurations = (
				39F331F62ACD1344000982D0 /* Debug */,
				39F331F72ACD1344000982D0 /* Release */,
			);
			defaultConfigurationIsVisible = 0;
			defaultConfigurationName = Release;
		};
/* End XCConfigurationList section */
	};
	rootObject = 39F331DF2ACD1343000982D0 /* Project object */;
}
